
Microsoft Visual Studio Solution File, Format Version 12.00
# Visual Studio Version 16
VisualStudioVersion = 16.0.33423.256
MinimumVisualStudioVersion = 10.0.40219.1
Project("{FAE04EC0-301F-11D3-BF4B-00C04F79EFBC}") = "S2-T1-LiamTeixido", "S2-T1-LiamTeixido\S2-T1-LiamTeixido.csproj", "{9387BF35-F462-4AFC-90AA-2AE6A70726B6}"
EndProject
Global
	GlobalSection(SolutionConfigurationPlatforms) = preSolution
		Debug|Any CPU = Debug|Any CPU
		Release|Any CPU = Release|Any CPU
	EndGlobalSection
	GlobalSection(ProjectConfigurationPlatforms) = postSolution
		{9387BF35-F462-4AFC-90AA-2AE6A70726B6}.Debug|Any CPU.ActiveCfg = Debug|Any CPU
		{9387BF35-F462-4AFC-90AA-2AE6A70726B6}.Debug|Any CPU.Build.0 = Debug|Any CPU
		{9387BF35-F462-4AFC-90AA-2AE6A70726B6}.Release|Any CPU.ActiveCfg = Release|Any CPU
		{9387BF35-F462-4AFC-90AA-2AE6A70726B6}.Release|Any CPU.Build.0 = Release|Any CPU
	EndGlobalSection
	GlobalSection(SolutionProperties) = preSolution
		HideSolutionNode = FALSE
	EndGlobalSection
	GlobalSection(ExtensibilityGlobals) = postSolution
		SolutionGuid = {8286A5A6-01ED-4134-903F-FF935645E274}
	EndGlobalSection
EndGlobal
